
Microsoft Visual Studio Solution File, Format Version 12.00
# Visual Studio Version 16
VisualStudioVersion = 16.0.28803.202
MinimumVisualStudioVersion = 10.0.40219.1
Project("{FAE04EC0-301F-11D3-BF4B-00C04F79EFBC}") = "Experiment", "Experiment\Experiment.csproj", "{C049314C-2A68-4023-ADD5-CF0F0128B2DB}"
EndProject
Global
	GlobalSection(SolutionConfigurationPlatforms) = preSolution
		Debug|Any CPU = Debug|Any CPU
		Debug|x64 = Debug|x64
		Release|Any CPU = Release|Any CPU
		Release|x64 = Release|x64
	EndGlobalSection
	GlobalSection(ProjectConfigurationPlatforms) = postSolution
		{C049314C-2A68-4023-ADD5-CF0F0128B2DB}.Debug|Any CPU.ActiveCfg = Debug|Any CPU
		{C049314C-2A68-4023-ADD5-CF0F0128B2DB}.Debug|Any CPU.Build.0 = Debug|Any CPU
		{C049314C-2A68-4023-ADD5-CF0F0128B2DB}.Debug|x64.ActiveCfg = Debug|Any CPU
		{C049314C-2A68-4023-ADD5-CF0F0128B2DB}.Debug|x64.Build.0 = Debug|Any CPU
		{C049314C-2A68-4023-ADD5-CF0F0128B2DB}.Release|Any CPU.ActiveCfg = Release|Any CPU
		{C049314C-2A68-4023-ADD5-CF0F0128B2DB}.Release|Any CPU.Build.0 = Release|Any CPU
		{C049314C-2A68-4023-ADD5-CF0F0128B2DB}.Release|x64.ActiveCfg = Release|Any CPU
		{C049314C-2A68-4023-ADD5-CF0F0128B2DB}.Release|x64.Build.0 = Release|Any CPU
	EndGlobalSection
	GlobalSection(SolutionProperties) = preSolution
		HideSolutionNode = FALSE
	EndGlobalSection
	GlobalSection(ExtensibilityGlobals) = postSolution
		SolutionGuid = {249C7CAF-953A-48EC-BC22-C74352D808F1}
	EndGlobalSection
EndGlobal
